
Microsoft Visual Studio Solution File, Format Version 12.00
# Visual Studio Version 17
VisualStudioVersion = 17.10.35013.160
MinimumVisualStudioVersion = 10.0.40219.1
Project("{FAE04EC0-301F-11D3-BF4B-00C04F79EFBC}") = "DA.Server", "DA.Server\DA.Server.csproj", "{FAC03C07-3BE1-4236-80D3-1C1C8EB21816}"
EndProject
Project("{54A90642-561A-4BB1-A94E-469ADEE60C69}") = "da.client", "da.client\da.client.esproj", "{EEF27605-E751-49E7-B796-892EA49F7E1E}"
EndProject
Global
	GlobalSection(SolutionConfigurationPlatforms) = preSolution
		Debug|Any CPU = Debug|Any CPU
		Release|Any CPU = Release|Any CPU
	EndGlobalSection
	GlobalSection(ProjectConfigurationPlatforms) = postSolution
		{FAC03C07-3BE1-4236-80D3-1C1C8EB21816}.Debug|Any CPU.ActiveCfg = Debug|Any CPU
		{FAC03C07-3BE1-4236-80D3-1C1C8EB21816}.Debug|Any CPU.Build.0 = Debug|Any CPU
		{FAC03C07-3BE1-4236-80D3-1C1C8EB21816}.Release|Any CPU.ActiveCfg = Release|Any CPU
		{FAC03C07-3BE1-4236-80D3-1C1C8EB21816}.Release|Any CPU.Build.0 = Release|Any CPU
		{EEF27605-E751-49E7-B796-892EA49F7E1E}.Debug|Any CPU.ActiveCfg = Debug|Any CPU
		{EEF27605-E751-49E7-B796-892EA49F7E1E}.Debug|Any CPU.Build.0 = Debug|Any CPU
		{EEF27605-E751-49E7-B796-892EA49F7E1E}.Debug|Any CPU.Deploy.0 = Debug|Any CPU
		{EEF27605-E751-49E7-B796-892EA49F7E1E}.Release|Any CPU.ActiveCfg = Release|Any CPU
		{EEF27605-E751-49E7-B796-892EA49F7E1E}.Release|Any CPU.Build.0 = Release|Any CPU
		{EEF27605-E751-49E7-B796-892EA49F7E1E}.Release|Any CPU.Deploy.0 = Release|Any CPU
	EndGlobalSection
	GlobalSection(SolutionProperties) = preSolution
		HideSolutionNode = FALSE
	EndGlobalSection
	GlobalSection(ExtensibilityGlobals) = postSolution
		SolutionGuid = {EDF4BA53-6D55-419A-8CD5-0D0EC69A7FB3}
	EndGlobalSection
EndGlobal
